
Microsoft Visual Studio Solution File, Format Version 12.00
# Visual Studio Version 17
VisualStudioVersion = 17.2.32414.248
MinimumVisualStudioVersion = 10.0.40219.1
Project("{9A19103F-16F7-4668-BE54-9A1E7A4F7556}") = "blazorsample", "blazorsample.csproj", "{BAF29C70-70E3-4910-A61A-CBA9EE4AD52F}"
EndProject
Global
	GlobalSection(SolutionConfigurationPlatforms) = preSolution
		Debug|Any CPU = Debug|Any CPU
		Release|Any CPU = Release|Any CPU
	EndGlobalSection
	GlobalSection(ProjectConfigurationPlatforms) = postSolution
		{BAF29C70-70E3-4910-A61A-CBA9EE4AD52F}.Debug|Any CPU.ActiveCfg = Debug|Any CPU
		{BAF29C70-70E3-4910-A61A-CBA9EE4AD52F}.Debug|Any CPU.Build.0 = Debug|Any CPU
		{BAF29C70-70E3-4910-A61A-CBA9EE4AD52F}.Release|Any CPU.ActiveCfg = Release|Any CPU
		{BAF29C70-70E3-4910-A61A-CBA9EE4AD52F}.Release|Any CPU.Build.0 = Release|Any CPU
	EndGlobalSection
	GlobalSection(SolutionProperties) = preSolution
		HideSolutionNode = FALSE
	EndGlobalSection
	GlobalSection(ExtensibilityGlobals) = postSolution
		SolutionGuid = {7862F2BB-C077-43CE-ABC7-0BE282548E95}
	EndGlobalSection
EndGlobal
